
Microsoft Visual Studio Solution File, Format Version 12.00
# Visual Studio 15
VisualStudioVersion = 15.0.28010.2046
MinimumVisualStudioVersion = 10.0.40219.1
Project("{FAE04EC0-301F-11D3-BF4B-00C04F79EFBC}") = "Транслятор", "Транслятор\Транслятор.csproj", "{2CC0CF75-99B9-4976-B063-52F00F039BD9}"
EndProject
Project("{FAE04EC0-301F-11D3-BF4B-00C04F79EFBC}") = "Variable", "Variable\Variable.csproj", "{3A682A1F-8927-433F-9C62-30FFBF374040}"
EndProject
Global
	GlobalSection(SolutionConfigurationPlatforms) = preSolution
		Debug|Any CPU = Debug|Any CPU
		Release|Any CPU = Release|Any CPU
	EndGlobalSection
	GlobalSection(ProjectConfigurationPlatforms) = postSolution
		{2CC0CF75-99B9-4976-B063-52F00F039BD9}.Debug|Any CPU.ActiveCfg = Debug|Any CPU
		{2CC0CF75-99B9-4976-B063-52F00F039BD9}.Debug|Any CPU.Build.0 = Debug|Any CPU
		{2CC0CF75-99B9-4976-B063-52F00F039BD9}.Release|Any CPU.ActiveCfg = Release|Any CPU
		{2CC0CF75-99B9-4976-B063-52F00F039BD9}.Release|Any CPU.Build.0 = Release|Any CPU
		{3A682A1F-8927-433F-9C62-30FFBF374040}.Debug|Any CPU.ActiveCfg = Debug|Any CPU
		{3A682A1F-8927-433F-9C62-30FFBF374040}.Debug|Any CPU.Build.0 = Debug|Any CPU
		{3A682A1F-8927-433F-9C62-30FFBF374040}.Release|Any CPU.ActiveCfg = Release|Any CPU
		{3A682A1F-8927-433F-9C62-30FFBF374040}.Release|Any CPU.Build.0 = Release|Any CPU
	EndGlobalSection
	GlobalSection(SolutionProperties) = preSolution
		HideSolutionNode = FALSE
	EndGlobalSection
	GlobalSection(ExtensibilityGlobals) = postSolution
		SolutionGuid = {7CFEB405-21AF-49C4-9553-68C13987ED17}
	EndGlobalSection
EndGlobal
